
Microsoft Visual Studio Solution File, Format Version 12.00
# Visual Studio 15
VisualStudioVersion = 15.0.27428.2015
MinimumVisualStudioVersion = 10.0.40219.1
Project("{9A19103F-16F7-4668-BE54-9A1E7A4F7556}") = "Angular5MultipleFileUpload", "src\Angular5MultipleFileUpload.csproj", "{09AB61DC-CEF1-475A-83FF-394557B70F26}"
EndProject
Global
	GlobalSection(SolutionConfigurationPlatforms) = preSolution
		Debug|Any CPU = Debug|Any CPU
		Release|Any CPU = Release|Any CPU
	EndGlobalSection
	GlobalSection(ProjectConfigurationPlatforms) = postSolution
		{09AB61DC-CEF1-475A-83FF-394557B70F26}.Debug|Any CPU.ActiveCfg = Debug|Any CPU
		{09AB61DC-CEF1-475A-83FF-394557B70F26}.Debug|Any CPU.Build.0 = Debug|Any CPU
		{09AB61DC-CEF1-475A-83FF-394557B70F26}.Release|Any CPU.ActiveCfg = Release|Any CPU
		{09AB61DC-CEF1-475A-83FF-394557B70F26}.Release|Any CPU.Build.0 = Release|Any CPU
	EndGlobalSection
	GlobalSection(SolutionProperties) = preSolution
		HideSolutionNode = FALSE
	EndGlobalSection
	GlobalSection(ExtensibilityGlobals) = postSolution
		SolutionGuid = {D2AB41EC-612F-4610-B5A3-B2BC64B43DCE}
	EndGlobalSection
EndGlobal
